
Microsoft Visual Studio Solution File, Format Version 12.00
# Visual Studio Version 17
VisualStudioVersion = 17.14.36717.8 d17.14
MinimumVisualStudioVersion = 10.0.40219.1
Project("{FAE04EC0-301F-11D3-BF4B-00C04F79EFBC}") = "Tokito", "Tokito\Tokito.csproj", "{16195E96-9C89-45B4-AD4F-31CBE3DB91F5}"
EndProject
Global
	GlobalSection(SolutionConfigurationPlatforms) = preSolution
		Debug|Any CPU = Debug|Any CPU
		Release|Any CPU = Release|Any CPU
	EndGlobalSection
	GlobalSection(ProjectConfigurationPlatforms) = postSolution
		{16195E96-9C89-45B4-AD4F-31CBE3DB91F5}.Debug|Any CPU.ActiveCfg = Debug|Any CPU
		{16195E96-9C89-45B4-AD4F-31CBE3DB91F5}.Debug|Any CPU.Build.0 = Debug|Any CPU
		{16195E96-9C89-45B4-AD4F-31CBE3DB91F5}.Release|Any CPU.ActiveCfg = Release|Any CPU
		{16195E96-9C89-45B4-AD4F-31CBE3DB91F5}.Release|Any CPU.Build.0 = Release|Any CPU
	EndGlobalSection
	GlobalSection(SolutionProperties) = preSolution
		HideSolutionNode = FALSE
	EndGlobalSection
	GlobalSection(ExtensibilityGlobals) = postSolution
		SolutionGuid = {B0E52576-5C29-4C61-B05A-603943F36ACA}
	EndGlobalSection
EndGlobal
